// !$*UTF8*$!
{
	archiveVersion = 1;
	classes = {
	};
	objectVersion = 46;
	objects = {

/* Begin PBXBuildFile section */
		43DDE69319CBDBA700552FEE /* Images.xcassets in Resources */ = {isa = PBXBuildFile; fileRef = 43DDE69219CBDBA700552FEE /* Images.xcassets */; };
		43DDE69619CBDBA700552FEE /* LaunchScreen.xib in Resources */ = {isa = PBXBuildFile; fileRef = 43DDE69419CBDBA700552FEE /* LaunchScreen.xib */; };
		43DDE6A219CBDBA700552FEE /* HelloWorldTests.swift in Sources */ = {isa = PBXBuildFile; fileRef = 43DDE6A119CBDBA700552FEE /* HelloWorldTests.swift */; };
		43DDE6AD19CBDC6A00552FEE /* main.swift in Sources */ = {isa = PBXBuildFile; fileRef = 43DDE6AC19CBDC6A00552FEE /* main.swift */; };
		43DDE6B019CBDC8D00552FEE /* ObjCObject.m in Sources */ = {isa = PBXBuildFile; fileRef = 43DDE6AF19CBDC8D00552FEE /* ObjCObject.m */; };
/* End PBXBuildFile section */

/* Begin PBXContainerItemProxy section */
		43DDE69C19CBDBA700552FEE /* PBXContainerItemProxy */ = {
			isa = PBXContainerItemProxy;
			containerPortal = 43DDE67E19CBDBA700552FEE /* Project object */;
			proxyType = 1;
			remoteGlobalIDString = 43DDE68519CBDBA700552FEE;
			remoteInfo = HelloWorld;
		};
/* End PBXContainerItemProxy section */

/* Begin PBXFileReference section */
		43DDE68619CBDBA700552FEE /* HelloWorld.app */ = {isa = PBXFileReference; explicitFileType = wrapper.application; includeInIndex = 0; path = HelloWorld.app; sourceTree = BUILT_PRODUCTS_DIR; };
		43DDE68A19CBDBA700552FEE /* Info.plist */ = {isa = PBXFileReference; lastKnownFileType = text.plist.xml; path = Info.plist; sourceTree = "<group>"; };
		43DDE69219CBDBA700552FEE /* Images.xcassets */ = {isa = PBXFileReference; lastKnownFileType = folder.assetcatalog; path = Images.xcassets; sourceTree = "<group>"; };
		43DDE69519CBDBA700552FEE /* Base */ = {isa = PBXFileReference; lastKnownFileType = file.xib; name = Base; path = Base.lproj/LaunchScreen.xib; sourceTree = "<group>"; };
		43DDE69B19CBDBA700552FEE /* HelloWorldTests.xctest */ = {isa = PBXFileReference; explicitFileType = wrapper.cfbundle; includeInIndex = 0; path = HelloWorldTests.xctest; sourceTree = BUILT_PRODUCTS_DIR; };
		43DDE6A019CBDBA700552FEE /* Info.plist */ = {isa = PBXFileReference; lastKnownFileType = text.plist.xml; path = Info.plist; sourceTree = "<group>"; };
		43DDE6A119CBDBA700552FEE /* HelloWorldTests.swift */ = {isa = PBXFileReference; lastKnownFileType = sourcecode.swift; path = HelloWorldTests.swift; sourceTree = "<group>"; };
		43DDE6AB19CBDC6900552FEE /* HelloWorld-Bridging-Header.h */ = {isa = PBXFileReference; lastKnownFileType = sourcecode.c.h; path = "HelloWorld-Bridging-Header.h"; sourceTree = "<group>"; };
		43DDE6AC19CBDC6A00552FEE /* main.swift */ = {isa = PBXFileReference; fileEncoding = 4; lastKnownFileType = sourcecode.swift; path = main.swift; sourceTree = "<group>"; };
		43DDE6AE19CBDC8D00552FEE /* ObjCObject.h */ = {isa = PBXFileReference; fileEncoding = 4; lastKnownFileType = sourcecode.c.h; path = ObjCObject.h; sourceTree = "<group>"; };
		43DDE6AF19CBDC8D00552FEE /* ObjCObject.m */ = {isa = PBXFileReference; fileEncoding = 4; lastKnownFileType = sourcecode.c.objc; path = ObjCObject.m; sourceTree = "<group>"; };
/* End PBXFileReference section */

/* Begin PBXFrameworksBuildPhase section */
		43DDE68319CBDBA700552FEE /* Frameworks */ = {
			isa = PBXFrameworksBuildPhase;
			buildActionMask = 2147483647;
			files = (
			);
			runOnlyForDeploymentPostprocessing = 0;
		};
		43DDE69819CBDBA700552FEE /* Frameworks */ = {
			isa = PBXFrameworksBuildPhase;
			buildActionMask = 2147483647;
			files = (
			);
			runOnlyForDeploymentPostprocessing = 0;
		};
/* End PBXFrameworksBuildPhase section */

/* Begin PBXGroup section */
		43DDE67D19CBDBA700552FEE = {
			isa = PBXGroup;
			children = (
				43DDE68819CBDBA700552FEE /* HelloWorld */,
				43DDE69E19CBDBA700552FEE /* HelloWorldTests */,
				43DDE68719CBDBA700552FEE /* Products */,
			);
			sourceTree = "<group>";
		};
		43DDE68719CBDBA700552FEE /* Products */ = {
			isa = PBXGroup;
			children = (
				43DDE68619CBDBA700552FEE /* HelloWorld.app */,
				43DDE69B19CBDBA700552FEE /* HelloWorldTests.xctest */,
			);
			name = Products;
			sourceTree = "<group>";
		};
		43DDE68819CBDBA700552FEE /* HelloWorld */ = {
			isa = PBXGroup;
			children = (
				43DDE6AC19CBDC6A00552FEE /* main.swift */,
				43DDE6AE19CBDC8D00552FEE /* ObjCObject.h */,
				43DDE6AF19CBDC8D00552FEE /* ObjCObject.m */,
				43DDE69219CBDBA700552FEE /* Images.xcassets */,
				43DDE69419CBDBA700552FEE /* LaunchScreen.xib */,
				43DDE68919CBDBA700552FEE /* Supporting Files */,
				43DDE6AB19CBDC6900552FEE /* HelloWorld-Bridging-Header.h */,
			);
			path = HelloWorld;
			sourceTree = "<group>";
		};
		43DDE68919CBDBA700552FEE /* Supporting Files */ = {
			isa = PBXGroup;
			children = (
				43DDE68A19CBDBA700552FEE /* Info.plist */,
			);
			name = "Supporting Files";
			sourceTree = "<group>";
		};
		43DDE69E19CBDBA700552FEE /* HelloWorldTests */ = {
			isa = PBXGroup;
			children = (
				43DDE6A119CBDBA700552FEE /* HelloWorldTests.swift */,
				43DDE69F19CBDBA700552FEE /* Supporting Files */,
			);
			path = HelloWorldTests;
			sourceTree = "<group>";
		};
		43DDE69F19CBDBA700552FEE /* Supporting Files */ = {
			isa = PBXGroup;
			children = (
				43DDE6A019CBDBA700552FEE /* Info.plist */,
			);
			name = "Supporting Files";
			sourceTree = "<group>";
		};
/* End PBXGroup section */

/* Begin PBXNativeTarget section */
		43DDE68519CBDBA700552FEE /* HelloWorld */ = {
			isa = PBXNativeTarget;
			buildConfigurationList = 43DDE6A519CBDBA700552FEE /* Build configuration list for PBXNativeTarget "HelloWorld" */;
			buildPhases = (
				43DDE68219CBDBA700552FEE /* Sources */,
				43DDE68319CBDBA700552FEE /* Frameworks */,
				43DDE68419CBDBA700552FEE /* Resources */,
			);
			buildRules = (
			);
			dependencies = (
			);
			name = HelloWorld;
			productName = HelloWorld;
			productReference = 43DDE68619CBDBA700552FEE /* HelloWorld.app */;
			productType = "com.apple.product-type.application";
		};
		43DDE69A19CBDBA700552FEE /* HelloWorldTests */ = {
			isa = PBXNativeTarget;
			buildConfigurationList = 43DDE6A819CBDBA700552FEE /* Build configuration list for PBXNativeTarget "HelloWorldTests" */;
			buildPhases = (
				43DDE69719CBDBA700552FEE /* Sources */,
				43DDE69819CBDBA700552FEE /* Frameworks */,
				43DDE69919CBDBA700552FEE /* Resources */,
			);
			buildRules = (
			);
			dependencies = (
				43DDE69D19CBDBA700552FEE /* PBXTargetDependency */,
			);
			name = HelloWorldTests;
			productName = HelloWorldTests;
			productReference = 43DDE69B19CBDBA700552FEE /* HelloWorldTests.xctest */;
			productType = "com.apple.product-type.bundle.unit-test";
		};
/* End PBXNativeTarget section */

/* Begin PBXProject section */
		43DDE67E19CBDBA700552FEE /* Project object */ = {
			isa = PBXProject;
			attributes = {
				LastUpgradeCheck = 0600;
				ORGANIZATIONNAME = tonymacmini;
				TargetAttributes = {
					43DDE68519CBDBA700552FEE = {
						CreatedOnToolsVersion = 6.0.1;
					};
					43DDE69A19CBDBA700552FEE = {
						CreatedOnToolsVersion = 6.0.1;
						TestTargetID = 43DDE68519CBDBA700552FEE;
					};
				};
			};
			buildConfigurationList = 43DDE68119CBDBA700552FEE /* Build configuration list for PBXProject "HelloWorld" */;
			compatibilityVersion = "Xcode 3.2";
			developmentRegion = English;
			hasScannedForEncodings = 0;
			knownRegions = (
				en,
				Base,
			);
			mainGroup = 43DDE67D19CBDBA700552FEE;
			productRefGroup = 43DDE68719CBDBA700552FEE /* Products */;
			projectDirPath = "";
			projectRoot = "";
			targets = (
				43DDE68519CBDBA700552FEE /* HelloWorld */,
				43DDE69A19CBDBA700552FEE /* HelloWorldTests */,
			);
		};
/* End PBXProject section */

/* Begin PBXResourcesBuildPhase section */
		43DDE68419CBDBA700552FEE /* Resources */ = {
			isa = PBXResourcesBuildPhase;
			buildActionMask = 2147483647;
			files = (
				43DDE69619CBDBA700552FEE /* LaunchScreen.xib in Resources */,
				43DDE69319CBDBA700552FEE /* Images.xcassets in Resources */,
			);
			runOnlyForDeploymentPostprocessing = 0;
		};
		43DDE69919CBDBA700552FEE /* Resources */ = {
			isa = PBXResourcesBuildPhase;
			buildActionMask = 2147483647;
			files = (
			);
			runOnlyForDeploymentPostprocessing = 0;
		};
/* End PBXResourcesBuildPhase section */

/* Begin PBXSourcesBuildPhase section */
		43DDE68219CBDBA700552FEE /* Sources */ = {
			isa = PBXSourcesBuildPhase;
			buildActionMask = 2147483647;
			files = (
				43DDE6B019CBDC8D00552FEE /* ObjCObject.m in Sources */,
				43DDE6AD19CBDC6A00552FEE /* main.swift in Sources */,
			);
			runOnlyForDeploymentPostprocessing = 0;
		};
		43DDE69719CBDBA700552FEE /* Sources */ = {
			isa = PBXSourcesBuildPhase;
			buildActionMask = 2147483647;
			files = (
				43DDE6A219CBDBA700552FEE /* HelloWorldTests.swift in Sources */,
			);
			runOnlyForDeploymentPostprocessing = 0;
		};
/* End PBXSourcesBuildPhase section */

/* Begin PBXTargetDependency section */
		43DDE69D19CBDBA700552FEE /* PBXTargetDependency */ = {
			isa = PBXTargetDependency;
			target = 43DDE68519CBDBA700552FEE /* HelloWorld */;
			targetProxy = 43DDE69C19CBDBA700552FEE /* PBXContainerItemProxy */;
		};
/* End PBXTargetDependency section */

/* Begin PBXVariantGroup section */
		43DDE69419CBDBA700552FEE /* LaunchScreen.xib */ = {
			isa = PBXVariantGroup;
			children = (
				43DDE69519CBDBA700552FEE /* Base */,
			);
			name = LaunchScreen.xib;
			sourceTree = "<group>";
		};
/* End PBXVariantGroup section */

/* Begin XCBuildConfiguration section */
		43DDE6A319CBDBA700552FEE /* Debug */ = {
			isa = XCBuildConfiguration;
			buildSettings = {
				ALWAYS_SEARCH_USER_PATHS = NO;
				CLANG_CXX_LANGUAGE_STANDARD = "gnu++0x";
				CLANG_CXX_LIBRARY = "libc++";
				CLANG_ENABLE_MODULES = YES;
				CLANG_ENABLE_OBJC_ARC = YES;
				CLANG_WARN_BOOL_CONVERSION = YES;
				CLANG_WARN_CONSTANT_CONVERSION = YES;
				CLANG_WARN_DIRECT_OBJC_ISA_USAGE = YES_ERROR;
				CLANG_WARN_EMPTY_BODY = YES;
				CLANG_WARN_ENUM_CONVERSION = YES;
				CLANG_WARN_INT_CONVERSION = YES;
				CLANG_WARN_OBJC_ROOT_CLASS = YES_ERROR;
				CLANG_WARN_UNREACHABLE_CODE = YES;
				CLANG_WARN__DUPLICATE_METHOD_MATCH = YES;
				"CODE_SIGN_IDENTITY[sdk=iphoneos*]" = "iPhone Developer";
				COPY_PHASE_STRIP = NO;
				ENABLE_STRICT_OBJC_MSGSEND = YES;
				GCC_C_LANGUAGE_STANDARD = gnu99;
				GCC_DYNAMIC_NO_PIC = NO;
				GCC_OPTIMIZATION_LEVEL = 0;
				GCC_PREPROCESSOR_DEFINITIONS = (
					"DEBUG=1",
					"$(inherited)",
				);
				GCC_SYMBOLS_PRIVATE_EXTERN = NO;
				GCC_WARN_64_TO_32_BIT_CONVERSION = YES;
				GCC_WARN_ABOUT_RETURN_TYPE = YES_ERROR;
				GCC_WARN_UNDECLARED_SELECTOR = YES;
				GCC_WARN_UNINITIALIZED_AUTOS = YES_AGGRESSIVE;
				GCC_WARN_UNUSED_FUNCTION = YES;
				GCC_WARN_UNUSED_VARIABLE = YES;
				IPHONEOS_DEPLOYMENT_TARGET = 8.0;
				MTL_ENABLE_DEBUG_INFO = YES;
				ONLY_ACTIVE_ARCH = YES;
				SDKROOT = iphoneos;
				SWIFT_OPTIMIZATION_LEVEL = "-Onone";
			};
			name = Debug;
		};
		43DDE6A419CBDBA700552FEE /* Release */ = {
			isa = XCBuildConfiguration;
			buildSettings = {
				ALWAYS_SEARCH_USER_PATHS = NO;
				CLANG_CXX_LANGUAGE_STANDARD = "gnu++0x";
				CLANG_CXX_LIBRARY = "libc++";
				CLANG_ENABLE_MODULES = YES;
				CLANG_ENABLE_OBJC_ARC = YES;
				CLANG_WARN_BOOL_CONVERSION = YES;
				CLANG_WARN_CONSTANT_CONVERSION = YES;
				CLANG_WARN_DIRECT_OBJC_ISA_USAGE = YES_ERROR;
				CLANG_WARN_EMPTY_BODY = YES;
				CLANG_WARN_ENUM_CONVERSION = YES;
				CLANG_WARN_INT_CONVERSION = YES;
				CLANG_WARN_OBJC_ROOT_CLASS = YES_ERROR;
				CLANG_WARN_UNREACHABLE_CODE = YES;
				CLANG_WARN__DUPLICATE_METHOD_MATCH = YES;
				"CODE_SIGN_IDENTITY[sdk=iphoneos*]" = "iPhone Developer";
				COPY_PHASE_STRIP = YES;
				ENABLE_NS_ASSERTIONS = NO;
				ENABLE_STRICT_OBJC_MSGSEND = YES;
				GCC_C_LANGUAGE_STANDARD = gnu99;
				GCC_WARN_64_TO_32_BIT_CONVERSION = YES;
				GCC_WARN_ABOUT_RETURN_TYPE = YES_ERROR;
				GCC_WARN_UNDECLARED_SELECTOR = YES;
				GCC_WARN_UNINITIALIZED_AUTOS = YES_AGGRESSIVE;
				GCC_WARN_UNUSED_FUNCTION = YES;
				GCC_WARN_UNUSED_VARIABLE = YES;
				IPHONEOS_DEPLOYMENT_TARGET = 8.0;
				MTL_ENABLE_DEBUG_INFO = NO;
				SDKROOT = iphoneos;
				VALIDATE_PRODUCT = YES;
			};
			name = Release;
		};
		43DDE6A619CBDBA700552FEE /* Debug */ = {
			isa = XCBuildConfiguration;
			buildSettings = {
				ASSETCATALOG_COMPILER_APPICON_NAME = AppIcon;
				CLANG_ENABLE_MODULES = YES;
				INFOPLIST_FILE = HelloWorld/Info.plist;
				LD_RUNPATH_SEARCH_PATHS = "$(inherited) @executable_path/Frameworks";
				PRODUCT_NAME = "$(TARGET_NAME)";
				SWIFT_OBJC_BRIDGING_HEADER = "HelloWorld/HelloWorld-Bridging-Header.h";
				SWIFT_OPTIMIZATION_LEVEL = "-Onone";
			};
			name = Debug;
		};
		43DDE6A719CBDBA700552FEE /* Release */ = {
			isa = XCBuildConfiguration;
			buildSettings = {
				ASSETCATALOG_COMPILER_APPICON_NAME = AppIcon;
				CLANG_ENABLE_MODULES = YES;
				INFOPLIST_FILE = HelloWorld/Info.plist;
				LD_RUNPATH_SEARCH_PATHS = "$(inherited) @executable_path/Frameworks";
				PRODUCT_NAME = "$(TARGET_NAME)";
				SWIFT_OBJC_BRIDGING_HEADER = "HelloWorld/HelloWorld-Bridging-Header.h";
			};
			name = Release;
		};
		43DDE6A919CBDBA700552FEE /* Debug */ = {
			isa = XCBuildConfiguration;
			buildSettings = {
				BUNDLE_LOADER = "$(TEST_HOST)";
				FRAMEWORK_SEARCH_PATHS = (
					"$(SDKROOT)/Developer/Library/Frameworks",
					"$(inherited)",
				);
				GCC_PREPROCESSOR_DEFINITIONS = (
					"DEBUG=1",
					"$(inherited)",
				);
				INFOPLIST_FILE = HelloWorldTests/Info.plist;
				LD_RUNPATH_SEARCH_PATHS = "$(inherited) @executable_path/Frameworks @loader_path/Frameworks";
				PRODUCT_NAME = "$(TARGET_NAME)";
				TEST_HOST = "$(BUILT_PRODUCTS_DIR)/HelloWorld.app/HelloWorld";
			};
			name = Debug;
		};
		43DDE6AA19CBDBA700552FEE /* Release */ = {
			isa = XCBuildConfiguration;
			buildSettings = {
				BUNDLE_LOADER = "$(TEST_HOST)";
				FRAMEWORK_SEARCH_PATHS = (
					"$(SDKROOT)/Developer/Library/Frameworks",
					"$(inherited)",
				);
				INFOPLIST_FILE = HelloWorldTests/Info.plist;
				LD_RUNPATH_SEARCH_PATHS = "$(inherited) @executable_path/Frameworks @loader_path/Frameworks";
				PRODUCT_NAME = "$(TARGET_NAME)";
				TEST_HOST = "$(BUILT_PRODUCTS_DIR)/HelloWorld.app/HelloWorld";
			};
			name = Release;
		};
/* End XCBuildConfiguration section */

/* Begin XCConfigurationList section */
		43DDE68119CBDBA700552FEE /* Build configuration list for PBXProject "HelloWorld" */ = {
			isa = XCConfigurationList;
			buildConfigurations = (
				43DDE6A319CBDBA700552FEE /* Debug */,
				43DDE6A419CBDBA700552FEE /* Release */,
			);
			defaultConfigurationIsVisible = 0;
			defaultConfigurationName = Release;
		};
		43DDE6A519CBDBA700552FEE /* Build configuration list for PBXNativeTarget "HelloWorld" */ = {
			isa = XCConfigurationList;
			buildConfigurations = (
				43DDE6A619CBDBA700552FEE /* Debug */,
				43DDE6A719CBDBA700552FEE /* Release */,
			);
			defaultConfigurationIsVisible = 0;
		};
		43DDE6A819CBDBA700552FEE /* Build configuration list for PBXNativeTarget "HelloWorldTests" */ = {
			isa = XCConfigurationList;
			buildConfigurations = (
				43DDE6A919CBDBA700552FEE /* Debug */,
				43DDE6AA19CBDBA700552FEE /* Release */,
			);
			defaultConfigurationIsVisible = 0;
		};
/* End XCConfigurationList section */
	};
	rootObject = 43DDE67E19CBDBA700552FEE /* Project object */;
}
