// !$*UTF8*$!
{
	archiveVersion = 1;
	classes = {
	};
	objectVersion = 46;
	objects = {

/* Begin PBXBuildFile section */
		7E724D831B25B98800E11F73 /* AppDelegate.swift in Sources */ = {isa = PBXBuildFile; fileRef = 7E724D821B25B98800E11F73 /* AppDelegate.swift */; };
		7E724D851B25B98800E11F73 /* ViewController.swift in Sources */ = {isa = PBXBuildFile; fileRef = 7E724D841B25B98800E11F73 /* ViewController.swift */; };
		7E724D881B25B98800E11F73 /* Main.storyboard in Resources */ = {isa = PBXBuildFile; fileRef = 7E724D861B25B98800E11F73 /* Main.storyboard */; };
		7E724D8A1B25B98800E11F73 /* Images.xcassets in Resources */ = {isa = PBXBuildFile; fileRef = 7E724D891B25B98800E11F73 /* Images.xcassets */; };
		7E724D8D1B25B98800E11F73 /* LaunchScreen.xib in Resources */ = {isa = PBXBuildFile; fileRef = 7E724D8B1B25B98800E11F73 /* LaunchScreen.xib */; };
		7E724D991B25B98800E11F73 /* MyFirstPojectTests.swift in Sources */ = {isa = PBXBuildFile; fileRef = 7E724D981B25B98800E11F73 /* MyFirstPojectTests.swift */; };
		7E724DA51B25BD7B00E11F73 /* IMG_0197.JPG in Resources */ = {isa = PBXBuildFile; fileRef = 7E724DA41B25BD7B00E11F73 /* IMG_0197.JPG */; };
/* End PBXBuildFile section */

/* Begin PBXContainerItemProxy section */
		7E724D931B25B98800E11F73 /* PBXContainerItemProxy */ = {
			isa = PBXContainerItemProxy;
			containerPortal = 7E724D751B25B98800E11F73 /* Project object */;
			proxyType = 1;
			remoteGlobalIDString = 7E724D7C1B25B98800E11F73;
			remoteInfo = MyFirstPoject;
		};
/* End PBXContainerItemProxy section */

/* Begin PBXFileReference section */
		7E724D7D1B25B98800E11F73 /* MyFirstPoject.app */ = {isa = PBXFileReference; explicitFileType = wrapper.application; includeInIndex = 0; path = MyFirstPoject.app; sourceTree = BUILT_PRODUCTS_DIR; };
		7E724D811B25B98800E11F73 /* Info.plist */ = {isa = PBXFileReference; lastKnownFileType = text.plist.xml; path = Info.plist; sourceTree = "<group>"; };
		7E724D821B25B98800E11F73 /* AppDelegate.swift */ = {isa = PBXFileReference; lastKnownFileType = sourcecode.swift; path = AppDelegate.swift; sourceTree = "<group>"; };
		7E724D841B25B98800E11F73 /* ViewController.swift */ = {isa = PBXFileReference; lastKnownFileType = sourcecode.swift; path = ViewController.swift; sourceTree = "<group>"; };
		7E724D871B25B98800E11F73 /* Base */ = {isa = PBXFileReference; lastKnownFileType = file.storyboard; name = Base; path = Base.lproj/Main.storyboard; sourceTree = "<group>"; };
		7E724D891B25B98800E11F73 /* Images.xcassets */ = {isa = PBXFileReference; lastKnownFileType = folder.assetcatalog; path = Images.xcassets; sourceTree = "<group>"; };
		7E724D8C1B25B98800E11F73 /* Base */ = {isa = PBXFileReference; lastKnownFileType = file.xib; name = Base; path = Base.lproj/LaunchScreen.xib; sourceTree = "<group>"; };
		7E724D921B25B98800E11F73 /* MyFirstPojectTests.xctest */ = {isa = PBXFileReference; explicitFileType = wrapper.cfbundle; includeInIndex = 0; path = MyFirstPojectTests.xctest; sourceTree = BUILT_PRODUCTS_DIR; };
		7E724D971B25B98800E11F73 /* Info.plist */ = {isa = PBXFileReference; lastKnownFileType = text.plist.xml; path = Info.plist; sourceTree = "<group>"; };
		7E724D981B25B98800E11F73 /* MyFirstPojectTests.swift */ = {isa = PBXFileReference; lastKnownFileType = sourcecode.swift; path = MyFirstPojectTests.swift; sourceTree = "<group>"; };
		7E724DA41B25BD7B00E11F73 /* IMG_0197.JPG */ = {isa = PBXFileReference; lastKnownFileType = image.jpeg; path = IMG_0197.JPG; sourceTree = "<group>"; };
/* End PBXFileReference section */

/* Begin PBXFrameworksBuildPhase section */
		7E724D7A1B25B98800E11F73 /* Frameworks */ = {
			isa = PBXFrameworksBuildPhase;
			buildActionMask = 2147483647;
			files = (
			);
			runOnlyForDeploymentPostprocessing = 0;
		};
		7E724D8F1B25B98800E11F73 /* Frameworks */ = {
			isa = PBXFrameworksBuildPhase;
			buildActionMask = 2147483647;
			files = (
			);
			runOnlyForDeploymentPostprocessing = 0;
		};
/* End PBXFrameworksBuildPhase section */

/* Begin PBXGroup section */
		7E724D741B25B98800E11F73 = {
			isa = PBXGroup;
			children = (
				7E724D7F1B25B98800E11F73 /* MyFirstPoject */,
				7E724D951B25B98800E11F73 /* MyFirstPojectTests */,
				7E724D7E1B25B98800E11F73 /* Products */,
			);
			sourceTree = "<group>";
		};
		7E724D7E1B25B98800E11F73 /* Products */ = {
			isa = PBXGroup;
			children = (
				7E724D7D1B25B98800E11F73 /* MyFirstPoject.app */,
				7E724D921B25B98800E11F73 /* MyFirstPojectTests.xctest */,
			);
			name = Products;
			sourceTree = "<group>";
		};
		7E724D7F1B25B98800E11F73 /* MyFirstPoject */ = {
			isa = PBXGroup;
			children = (
				7E724D821B25B98800E11F73 /* AppDelegate.swift */,
				7E724D841B25B98800E11F73 /* ViewController.swift */,
				7E724D861B25B98800E11F73 /* Main.storyboard */,
				7E724D891B25B98800E11F73 /* Images.xcassets */,
				7E724D8B1B25B98800E11F73 /* LaunchScreen.xib */,
				7E724D801B25B98800E11F73 /* Supporting Files */,
			);
			path = MyFirstPoject;
			sourceTree = "<group>";
		};
		7E724D801B25B98800E11F73 /* Supporting Files */ = {
			isa = PBXGroup;
			children = (
				7E724DA41B25BD7B00E11F73 /* IMG_0197.JPG */,
				7E724D811B25B98800E11F73 /* Info.plist */,
			);
			name = "Supporting Files";
			sourceTree = "<group>";
		};
		7E724D951B25B98800E11F73 /* MyFirstPojectTests */ = {
			isa = PBXGroup;
			children = (
				7E724D981B25B98800E11F73 /* MyFirstPojectTests.swift */,
				7E724D961B25B98800E11F73 /* Supporting Files */,
			);
			path = MyFirstPojectTests;
			sourceTree = "<group>";
		};
		7E724D961B25B98800E11F73 /* Supporting Files */ = {
			isa = PBXGroup;
			children = (
				7E724D971B25B98800E11F73 /* Info.plist */,
			);
			name = "Supporting Files";
			sourceTree = "<group>";
		};
/* End PBXGroup section */

/* Begin PBXNativeTarget section */
		7E724D7C1B25B98800E11F73 /* MyFirstPoject */ = {
			isa = PBXNativeTarget;
			buildConfigurationList = 7E724D9C1B25B98800E11F73 /* Build configuration list for PBXNativeTarget "MyFirstPoject" */;
			buildPhases = (
				7E724D791B25B98800E11F73 /* Sources */,
				7E724D7A1B25B98800E11F73 /* Frameworks */,
				7E724D7B1B25B98800E11F73 /* Resources */,
			);
			buildRules = (
			);
			dependencies = (
			);
			name = MyFirstPoject;
			productName = MyFirstPoject;
			productReference = 7E724D7D1B25B98800E11F73 /* MyFirstPoject.app */;
			productType = "com.apple.product-type.application";
		};
		7E724D911B25B98800E11F73 /* MyFirstPojectTests */ = {
			isa = PBXNativeTarget;
			buildConfigurationList = 7E724D9F1B25B98800E11F73 /* Build configuration list for PBXNativeTarget "MyFirstPojectTests" */;
			buildPhases = (
				7E724D8E1B25B98800E11F73 /* Sources */,
				7E724D8F1B25B98800E11F73 /* Frameworks */,
				7E724D901B25B98800E11F73 /* Resources */,
			);
			buildRules = (
			);
			dependencies = (
				7E724D941B25B98800E11F73 /* PBXTargetDependency */,
			);
			name = MyFirstPojectTests;
			productName = MyFirstPojectTests;
			productReference = 7E724D921B25B98800E11F73 /* MyFirstPojectTests.xctest */;
			productType = "com.apple.product-type.bundle.unit-test";
		};
/* End PBXNativeTarget section */

/* Begin PBXProject section */
		7E724D751B25B98800E11F73 /* Project object */ = {
			isa = PBXProject;
			attributes = {
				LastUpgradeCheck = 0630;
				ORGANIZATIONNAME = ZNing;
				TargetAttributes = {
					7E724D7C1B25B98800E11F73 = {
						CreatedOnToolsVersion = 6.3.2;
					};
					7E724D911B25B98800E11F73 = {
						CreatedOnToolsVersion = 6.3.2;
						TestTargetID = 7E724D7C1B25B98800E11F73;
					};
				};
			};
			buildConfigurationList = 7E724D781B25B98800E11F73 /* Build configuration list for PBXProject "MyFirstPoject" */;
			compatibilityVersion = "Xcode 3.2";
			developmentRegion = English;
			hasScannedForEncodings = 0;
			knownRegions = (
				en,
				Base,
			);
			mainGroup = 7E724D741B25B98800E11F73;
			productRefGroup = 7E724D7E1B25B98800E11F73 /* Products */;
			projectDirPath = "";
			projectRoot = "";
			targets = (
				7E724D7C1B25B98800E11F73 /* MyFirstPoject */,
				7E724D911B25B98800E11F73 /* MyFirstPojectTests */,
			);
		};
/* End PBXProject section */

/* Begin PBXResourcesBuildPhase section */
		7E724D7B1B25B98800E11F73 /* Resources */ = {
			isa = PBXResourcesBuildPhase;
			buildActionMask = 2147483647;
			files = (
				7E724DA51B25BD7B00E11F73 /* IMG_0197.JPG in Resources */,
				7E724D881B25B98800E11F73 /* Main.storyboard in Resources */,
				7E724D8D1B25B98800E11F73 /* LaunchScreen.xib in Resources */,
				7E724D8A1B25B98800E11F73 /* Images.xcassets in Resources */,
			);
			runOnlyForDeploymentPostprocessing = 0;
		};
		7E724D901B25B98800E11F73 /* Resources */ = {
			isa = PBXResourcesBuildPhase;
			buildActionMask = 2147483647;
			files = (
			);
			runOnlyForDeploymentPostprocessing = 0;
		};
/* End PBXResourcesBuildPhase section */

/* Begin PBXSourcesBuildPhase section */
		7E724D791B25B98800E11F73 /* Sources */ = {
			isa = PBXSourcesBuildPhase;
			buildActionMask = 2147483647;
			files = (
				7E724D851B25B98800E11F73 /* ViewController.swift in Sources */,
				7E724D831B25B98800E11F73 /* AppDelegate.swift in Sources */,
			);
			runOnlyForDeploymentPostprocessing = 0;
		};
		7E724D8E1B25B98800E11F73 /* Sources */ = {
			isa = PBXSourcesBuildPhase;
			buildActionMask = 2147483647;
			files = (
				7E724D991B25B98800E11F73 /* MyFirstPojectTests.swift in Sources */,
			);
			runOnlyForDeploymentPostprocessing = 0;
		};
/* End PBXSourcesBuildPhase section */

/* Begin PBXTargetDependency section */
		7E724D941B25B98800E11F73 /* PBXTargetDependency */ = {
			isa = PBXTargetDependency;
			target = 7E724D7C1B25B98800E11F73 /* MyFirstPoject */;
			targetProxy = 7E724D931B25B98800E11F73 /* PBXContainerItemProxy */;
		};
/* End PBXTargetDependency section */

/* Begin PBXVariantGroup section */
		7E724D861B25B98800E11F73 /* Main.storyboard */ = {
			isa = PBXVariantGroup;
			children = (
				7E724D871B25B98800E11F73 /* Base */,
			);
			name = Main.storyboard;
			sourceTree = "<group>";
		};
		7E724D8B1B25B98800E11F73 /* LaunchScreen.xib */ = {
			isa = PBXVariantGroup;
			children = (
				7E724D8C1B25B98800E11F73 /* Base */,
			);
			name = LaunchScreen.xib;
			sourceTree = "<group>";
		};
/* End PBXVariantGroup section */

/* Begin XCBuildConfiguration section */
		7E724D9A1B25B98800E11F73 /* Debug */ = {
			isa = XCBuildConfiguration;
			buildSettings = {
				ALWAYS_SEARCH_USER_PATHS = NO;
				CLANG_CXX_LANGUAGE_STANDARD = "gnu++0x";
				CLANG_CXX_LIBRARY = "libc++";
				CLANG_ENABLE_MODULES = YES;
				CLANG_ENABLE_OBJC_ARC = YES;
				CLANG_WARN_BOOL_CONVERSION = YES;
				CLANG_WARN_CONSTANT_CONVERSION = YES;
				CLANG_WARN_DIRECT_OBJC_ISA_USAGE = YES_ERROR;
				CLANG_WARN_EMPTY_BODY = YES;
				CLANG_WARN_ENUM_CONVERSION = YES;
				CLANG_WARN_INT_CONVERSION = YES;
				CLANG_WARN_OBJC_ROOT_CLASS = YES_ERROR;
				CLANG_WARN_UNREACHABLE_CODE = YES;
				CLANG_WARN__DUPLICATE_METHOD_MATCH = YES;
				"CODE_SIGN_IDENTITY[sdk=iphoneos*]" = "iPhone Developer";
				COPY_PHASE_STRIP = NO;
				DEBUG_INFORMATION_FORMAT = "dwarf-with-dsym";
				ENABLE_STRICT_OBJC_MSGSEND = YES;
				GCC_C_LANGUAGE_STANDARD = gnu99;
				GCC_DYNAMIC_NO_PIC = NO;
				GCC_NO_COMMON_BLOCKS = YES;
				GCC_OPTIMIZATION_LEVEL = 0;
				GCC_PREPROCESSOR_DEFINITIONS = (
					"DEBUG=1",
					"$(inherited)",
				);
				GCC_SYMBOLS_PRIVATE_EXTERN = NO;
				GCC_WARN_64_TO_32_BIT_CONVERSION = YES;
				GCC_WARN_ABOUT_RETURN_TYPE = YES_ERROR;
				GCC_WARN_UNDECLARED_SELECTOR = YES;
				GCC_WARN_UNINITIALIZED_AUTOS = YES_AGGRESSIVE;
				GCC_WARN_UNUSED_FUNCTION = YES;
				GCC_WARN_UNUSED_VARIABLE = YES;
				IPHONEOS_DEPLOYMENT_TARGET = 8.3;
				MTL_ENABLE_DEBUG_INFO = YES;
				ONLY_ACTIVE_ARCH = YES;
				SDKROOT = iphoneos;
				SWIFT_OPTIMIZATION_LEVEL = "-Onone";
			};
			name = Debug;
		};
		7E724D9B1B25B98800E11F73 /* Release */ = {
			isa = XCBuildConfiguration;
			buildSettings = {
				ALWAYS_SEARCH_USER_PATHS = NO;
				CLANG_CXX_LANGUAGE_STANDARD = "gnu++0x";
				CLANG_CXX_LIBRARY = "libc++";
				CLANG_ENABLE_MODULES = YES;
				CLANG_ENABLE_OBJC_ARC = YES;
				CLANG_WARN_BOOL_CONVERSION = YES;
				CLANG_WARN_CONSTANT_CONVERSION = YES;
				CLANG_WARN_DIRECT_OBJC_ISA_USAGE = YES_ERROR;
				CLANG_WARN_EMPTY_BODY = YES;
				CLANG_WARN_ENUM_CONVERSION = YES;
				CLANG_WARN_INT_CONVERSION = YES;
				CLANG_WARN_OBJC_ROOT_CLASS = YES_ERROR;
				CLANG_WARN_UNREACHABLE_CODE = YES;
				CLANG_WARN__DUPLICATE_METHOD_MATCH = YES;
				"CODE_SIGN_IDENTITY[sdk=iphoneos*]" = "iPhone Developer";
				COPY_PHASE_STRIP = NO;
				DEBUG_INFORMATION_FORMAT = "dwarf-with-dsym";
				ENABLE_NS_ASSERTIONS = NO;
				ENABLE_STRICT_OBJC_MSGSEND = YES;
				GCC_C_LANGUAGE_STANDARD = gnu99;
				GCC_NO_COMMON_BLOCKS = YES;
				GCC_WARN_64_TO_32_BIT_CONVERSION = YES;
				GCC_WARN_ABOUT_RETURN_TYPE = YES_ERROR;
				GCC_WARN_UNDECLARED_SELECTOR = YES;
				GCC_WARN_UNINITIALIZED_AUTOS = YES_AGGRESSIVE;
				GCC_WARN_UNUSED_FUNCTION = YES;
				GCC_WARN_UNUSED_VARIABLE = YES;
				IPHONEOS_DEPLOYMENT_TARGET = 8.3;
				MTL_ENABLE_DEBUG_INFO = NO;
				SDKROOT = iphoneos;
				VALIDATE_PRODUCT = YES;
			};
			name = Release;
		};
		7E724D9D1B25B98800E11F73 /* Debug */ = {
			isa = XCBuildConfiguration;
			buildSettings = {
				ASSETCATALOG_COMPILER_APPICON_NAME = AppIcon;
				INFOPLIST_FILE = MyFirstPoject/Info.plist;
				LD_RUNPATH_SEARCH_PATHS = "$(inherited) @executable_path/Frameworks";
				PRODUCT_NAME = "$(TARGET_NAME)";
			};
			name = Debug;
		};
		7E724D9E1B25B98800E11F73 /* Release */ = {
			isa = XCBuildConfiguration;
			buildSettings = {
				ASSETCATALOG_COMPILER_APPICON_NAME = AppIcon;
				INFOPLIST_FILE = MyFirstPoject/Info.plist;
				LD_RUNPATH_SEARCH_PATHS = "$(inherited) @executable_path/Frameworks";
				PRODUCT_NAME = "$(TARGET_NAME)";
			};
			name = Release;
		};
		7E724DA01B25B98800E11F73 /* Debug */ = {
			isa = XCBuildConfiguration;
			buildSettings = {
				BUNDLE_LOADER = "$(TEST_HOST)";
				FRAMEWORK_SEARCH_PATHS = (
					"$(SDKROOT)/Developer/Library/Frameworks",
					"$(inherited)",
				);
				GCC_PREPROCESSOR_DEFINITIONS = (
					"DEBUG=1",
					"$(inherited)",
				);
				INFOPLIST_FILE = MyFirstPojectTests/Info.plist;
				LD_RUNPATH_SEARCH_PATHS = "$(inherited) @executable_path/Frameworks @loader_path/Frameworks";
				PRODUCT_NAME = "$(TARGET_NAME)";
				TEST_HOST = "$(BUILT_PRODUCTS_DIR)/MyFirstPoject.app/MyFirstPoject";
			};
			name = Debug;
		};
		7E724DA11B25B98800E11F73 /* Release */ = {
			isa = XCBuildConfiguration;
			buildSettings = {
				BUNDLE_LOADER = "$(TEST_HOST)";
				FRAMEWORK_SEARCH_PATHS = (
					"$(SDKROOT)/Developer/Library/Frameworks",
					"$(inherited)",
				);
				INFOPLIST_FILE = MyFirstPojectTests/Info.plist;
				LD_RUNPATH_SEARCH_PATHS = "$(inherited) @executable_path/Frameworks @loader_path/Frameworks";
				PRODUCT_NAME = "$(TARGET_NAME)";
				TEST_HOST = "$(BUILT_PRODUCTS_DIR)/MyFirstPoject.app/MyFirstPoject";
			};
			name = Release;
		};
/* End XCBuildConfiguration section */

/* Begin XCConfigurationList section */
		7E724D781B25B98800E11F73 /* Build configuration list for PBXProject "MyFirstPoject" */ = {
			isa = XCConfigurationList;
			buildConfigurations = (
				7E724D9A1B25B98800E11F73 /* Debug */,
				7E724D9B1B25B98800E11F73 /* Release */,
			);
			defaultConfigurationIsVisible = 0;
			defaultConfigurationName = Release;
		};
		7E724D9C1B25B98800E11F73 /* Build configuration list for PBXNativeTarget "MyFirstPoject" */ = {
			isa = XCConfigurationList;
			buildConfigurations = (
				7E724D9D1B25B98800E11F73 /* Debug */,
				7E724D9E1B25B98800E11F73 /* Release */,
			);
			defaultConfigurationIsVisible = 0;
		};
		7E724D9F1B25B98800E11F73 /* Build configuration list for PBXNativeTarget "MyFirstPojectTests" */ = {
			isa = XCConfigurationList;
			buildConfigurations = (
				7E724DA01B25B98800E11F73 /* Debug */,
				7E724DA11B25B98800E11F73 /* Release */,
			);
			defaultConfigurationIsVisible = 0;
		};
/* End XCConfigurationList section */
	};
	rootObject = 7E724D751B25B98800E11F73 /* Project object */;
}
